
Microsoft Visual Studio Solution File, Format Version 12.00
# Visual Studio Version 17
VisualStudioVersion = 17.11.35219.272
MinimumVisualStudioVersion = 10.0.40219.1
Project("{FAE04EC0-301F-11D3-BF4B-00C04F79EFBC}") = "PROG6212_POEPART1", "PROG6212_POEPART1.csproj", "{EFD442FD-71F6-49FE-B06B-6B68F27E5B28}"
EndProject
Global
	GlobalSection(SolutionConfigurationPlatforms) = preSolution
		Debug|Any CPU = Debug|Any CPU
		Release|Any CPU = Release|Any CPU
	EndGlobalSection
	GlobalSection(ProjectConfigurationPlatforms) = postSolution
		{EFD442FD-71F6-49FE-B06B-6B68F27E5B28}.Debug|Any CPU.ActiveCfg = Debug|Any CPU
		{EFD442FD-71F6-49FE-B06B-6B68F27E5B28}.Debug|Any CPU.Build.0 = Debug|Any CPU
		{EFD442FD-71F6-49FE-B06B-6B68F27E5B28}.Release|Any CPU.ActiveCfg = Release|Any CPU
		{EFD442FD-71F6-49FE-B06B-6B68F27E5B28}.Release|Any CPU.Build.0 = Release|Any CPU
	EndGlobalSection
	GlobalSection(SolutionProperties) = preSolution
		HideSolutionNode = FALSE
	EndGlobalSection
	GlobalSection(ExtensibilityGlobals) = postSolution
		SolutionGuid = {F0A08716-138E-4595-A7A5-824F5DAF5FAA}
	EndGlobalSection
EndGlobal
